
Microsoft Visual Studio Solution File, Format Version 12.00
# Visual Studio Version 17
VisualStudioVersion = 17.11.35431.28
MinimumVisualStudioVersion = 10.0.40219.1
Project("{8BC9CEB8-8B4A-11D0-8D11-00A0C91BC942}") = "CPU", "SOURCE\ENGINE\CPU\CPU.vcxproj", "{1F91FFDF-5B25-44D3-BE4C-63CC766D7D09}"
	ProjectSection(ProjectDependencies) = postProject
		{1FE10DB7-CDB0-46D8-935F-6524D6CE795A} = {1FE10DB7-CDB0-46D8-935F-6524D6CE795A}
		{30B7B7CD-B956-4386-B997-EFA948F8AB72} = {30B7B7CD-B956-4386-B997-EFA948F8AB72}
		{B478EDA9-C7E7-4CF1-9A99-0FA483E56E42} = {B478EDA9-C7E7-4CF1-9A99-0FA483E56E42}
	EndProjectSection
EndProject
Project("{8BC9CEB8-8B4A-11D0-8D11-00A0C91BC942}") = "GTE", "SOURCE\ENGINE\GTE\GTE.vcxproj", "{1FE10DB7-CDB0-46D8-935F-6524D6CE795A}"
	ProjectSection(ProjectDependencies) = postProject
		{60BB98F2-9D91-4FDB-8CC5-5643727B210C} = {60BB98F2-9D91-4FDB-8CC5-5643727B210C}
	EndProjectSection
EndProject
Project("{8BC9CEB8-8B4A-11D0-8D11-00A0C91BC942}") = "BIOS", "SOURCE\ENGINE\BIOS\BIOS.vcxproj", "{A42A0CC4-430B-4443-9E55-AA9193DCAF87}"
	ProjectSection(ProjectDependencies) = postProject
		{1F91FFDF-5B25-44D3-BE4C-63CC766D7D09} = {1F91FFDF-5B25-44D3-BE4C-63CC766D7D09}
		{60BB98F2-9D91-4FDB-8CC5-5643727B210C} = {60BB98F2-9D91-4FDB-8CC5-5643727B210C}
		{B478EDA9-C7E7-4CF1-9A99-0FA483E56E42} = {B478EDA9-C7E7-4CF1-9A99-0FA483E56E42}
		{F67BA80D-7746-4A10-BEF3-8D9B5A34752B} = {F67BA80D-7746-4A10-BEF3-8D9B5A34752B}
	EndProjectSection
EndProject
Project("{8BC9CEB8-8B4A-11D0-8D11-00A0C91BC942}") = "SCRATCHPAD", "SOURCE\ENGINE\SCRATCHPAD\SCRATCHPAD.vcxproj", "{30B7B7CD-B956-4386-B997-EFA948F8AB72}"
EndProject
Project("{8BC9CEB8-8B4A-11D0-8D11-00A0C91BC942}") = "MIPS", "SOURCE\ENGINE\MIPS\MIPS.vcxproj", "{60BB98F2-9D91-4FDB-8CC5-5643727B210C}"
EndProject
Project("{8BC9CEB8-8B4A-11D0-8D11-00A0C91BC942}") = "IOPort", "SOURCE\ENGINE\IOPort\IOPort.vcxproj", "{B478EDA9-C7E7-4CF1-9A99-0FA483E56E42}"
EndProject
Project("{8BC9CEB8-8B4A-11D0-8D11-00A0C91BC942}") = "Expansion", "SOURCE\ENGINE\Expansion\Expansion.vcxproj", "{F67BA80D-7746-4A10-BEF3-8D9B5A34752B}"
EndProject
Global
	GlobalSection(SolutionConfigurationPlatforms) = preSolution
		Debug|x64 = Debug|x64
		Debug|x86 = Debug|x86
		Release|x64 = Release|x64
		Release|x86 = Release|x86
	EndGlobalSection
	GlobalSection(ProjectConfigurationPlatforms) = postSolution
		{1F91FFDF-5B25-44D3-BE4C-63CC766D7D09}.Debug|x64.ActiveCfg = Debug|x64
		{1F91FFDF-5B25-44D3-BE4C-63CC766D7D09}.Debug|x64.Build.0 = Debug|x64
		{1F91FFDF-5B25-44D3-BE4C-63CC766D7D09}.Debug|x86.ActiveCfg = Debug|Win32
		{1F91FFDF-5B25-44D3-BE4C-63CC766D7D09}.Debug|x86.Build.0 = Debug|Win32
		{1F91FFDF-5B25-44D3-BE4C-63CC766D7D09}.Release|x64.ActiveCfg = Release|x64
		{1F91FFDF-5B25-44D3-BE4C-63CC766D7D09}.Release|x64.Build.0 = Release|x64
		{1F91FFDF-5B25-44D3-BE4C-63CC766D7D09}.Release|x86.ActiveCfg = Release|Win32
		{1F91FFDF-5B25-44D3-BE4C-63CC766D7D09}.Release|x86.Build.0 = Release|Win32
		{1FE10DB7-CDB0-46D8-935F-6524D6CE795A}.Debug|x64.ActiveCfg = Debug|x64
		{1FE10DB7-CDB0-46D8-935F-6524D6CE795A}.Debug|x64.Build.0 = Debug|x64
		{1FE10DB7-CDB0-46D8-935F-6524D6CE795A}.Debug|x86.ActiveCfg = Debug|Win32
		{1FE10DB7-CDB0-46D8-935F-6524D6CE795A}.Debug|x86.Build.0 = Debug|Win32
		{1FE10DB7-CDB0-46D8-935F-6524D6CE795A}.Release|x64.ActiveCfg = Release|x64
		{1FE10DB7-CDB0-46D8-935F-6524D6CE795A}.Release|x64.Build.0 = Release|x64
		{1FE10DB7-CDB0-46D8-935F-6524D6CE795A}.Release|x86.ActiveCfg = Release|Win32
		{1FE10DB7-CDB0-46D8-935F-6524D6CE795A}.Release|x86.Build.0 = Release|Win32
		{A42A0CC4-430B-4443-9E55-AA9193DCAF87}.Debug|x64.ActiveCfg = Debug|x64
		{A42A0CC4-430B-4443-9E55-AA9193DCAF87}.Debug|x64.Build.0 = Debug|x64
		{A42A0CC4-430B-4443-9E55-AA9193DCAF87}.Debug|x86.ActiveCfg = Debug|Win32
		{A42A0CC4-430B-4443-9E55-AA9193DCAF87}.Debug|x86.Build.0 = Debug|Win32
		{A42A0CC4-430B-4443-9E55-AA9193DCAF87}.Release|x64.ActiveCfg = Release|x64
		{A42A0CC4-430B-4443-9E55-AA9193DCAF87}.Release|x64.Build.0 = Release|x64
		{A42A0CC4-430B-4443-9E55-AA9193DCAF87}.Release|x86.ActiveCfg = Release|Win32
		{A42A0CC4-430B-4443-9E55-AA9193DCAF87}.Release|x86.Build.0 = Release|Win32
		{30B7B7CD-B956-4386-B997-EFA948F8AB72}.Debug|x64.ActiveCfg = Debug|x64
		{30B7B7CD-B956-4386-B997-EFA948F8AB72}.Debug|x64.Build.0 = Debug|x64
		{30B7B7CD-B956-4386-B997-EFA948F8AB72}.Debug|x86.ActiveCfg = Debug|Win32
		{30B7B7CD-B956-4386-B997-EFA948F8AB72}.Debug|x86.Build.0 = Debug|Win32
		{30B7B7CD-B956-4386-B997-EFA948F8AB72}.Release|x64.ActiveCfg = Release|x64
		{30B7B7CD-B956-4386-B997-EFA948F8AB72}.Release|x64.Build.0 = Release|x64
		{30B7B7CD-B956-4386-B997-EFA948F8AB72}.Release|x86.ActiveCfg = Release|Win32
		{30B7B7CD-B956-4386-B997-EFA948F8AB72}.Release|x86.Build.0 = Release|Win32
		{60BB98F2-9D91-4FDB-8CC5-5643727B210C}.Debug|x64.ActiveCfg = Debug|x64
		{60BB98F2-9D91-4FDB-8CC5-5643727B210C}.Debug|x64.Build.0 = Debug|x64
		{60BB98F2-9D91-4FDB-8CC5-5643727B210C}.Debug|x86.ActiveCfg = Debug|Win32
		{60BB98F2-9D91-4FDB-8CC5-5643727B210C}.Debug|x86.Build.0 = Debug|Win32
		{60BB98F2-9D91-4FDB-8CC5-5643727B210C}.Release|x64.ActiveCfg = Release|x64
		{60BB98F2-9D91-4FDB-8CC5-5643727B210C}.Release|x64.Build.0 = Release|x64
		{60BB98F2-9D91-4FDB-8CC5-5643727B210C}.Release|x86.ActiveCfg = Release|Win32
		{60BB98F2-9D91-4FDB-8CC5-5643727B210C}.Release|x86.Build.0 = Release|Win32
		{B478EDA9-C7E7-4CF1-9A99-0FA483E56E42}.Debug|x64.ActiveCfg = Debug|x64
		{B478EDA9-C7E7-4CF1-9A99-0FA483E56E42}.Debug|x64.Build.0 = Debug|x64
		{B478EDA9-C7E7-4CF1-9A99-0FA483E56E42}.Debug|x86.ActiveCfg = Debug|Win32
		{B478EDA9-C7E7-4CF1-9A99-0FA483E56E42}.Debug|x86.Build.0 = Debug|Win32
		{B478EDA9-C7E7-4CF1-9A99-0FA483E56E42}.Release|x64.ActiveCfg = Release|x64
		{B478EDA9-C7E7-4CF1-9A99-0FA483E56E42}.Release|x64.Build.0 = Release|x64
		{B478EDA9-C7E7-4CF1-9A99-0FA483E56E42}.Release|x86.ActiveCfg = Release|Win32
		{B478EDA9-C7E7-4CF1-9A99-0FA483E56E42}.Release|x86.Build.0 = Release|Win32
		{F67BA80D-7746-4A10-BEF3-8D9B5A34752B}.Debug|x64.ActiveCfg = Debug|x64
		{F67BA80D-7746-4A10-BEF3-8D9B5A34752B}.Debug|x64.Build.0 = Debug|x64
		{F67BA80D-7746-4A10-BEF3-8D9B5A34752B}.Debug|x86.ActiveCfg = Debug|Win32
		{F67BA80D-7746-4A10-BEF3-8D9B5A34752B}.Debug|x86.Build.0 = Debug|Win32
		{F67BA80D-7746-4A10-BEF3-8D9B5A34752B}.Release|x64.ActiveCfg = Release|x64
		{F67BA80D-7746-4A10-BEF3-8D9B5A34752B}.Release|x64.Build.0 = Release|x64
		{F67BA80D-7746-4A10-BEF3-8D9B5A34752B}.Release|x86.ActiveCfg = Release|Win32
		{F67BA80D-7746-4A10-BEF3-8D9B5A34752B}.Release|x86.Build.0 = Release|Win32
	EndGlobalSection
	GlobalSection(SolutionProperties) = preSolution
		HideSolutionNode = FALSE
	EndGlobalSection
	GlobalSection(ExtensibilityGlobals) = postSolution
		SolutionGuid = {B88B8663-EC6E-44E4-8576-E324E1508B0A}
	EndGlobalSection
EndGlobal
